// !$*UTF8*$!
{
	archiveVersion = 1;
	classes = {
	};
	objectVersion = 48;
	objects = {

/* Begin PBXBuildFile section */
		DF26B5CC2007D0A6001ADFA3 /* AppDelegate.swift in Sources */ = {isa = PBXBuildFile; fileRef = DF26B5CB2007D0A6001ADFA3 /* AppDelegate.swift */; };
		DF26B5CE2007D0A6001ADFA3 /* ViewController.swift in Sources */ = {isa = PBXBuildFile; fileRef = DF26B5CD2007D0A6001ADFA3 /* ViewController.swift */; };
		DF26B5D12007D0A6001ADFA3 /* Main.storyboard in Resources */ = {isa = PBXBuildFile; fileRef = DF26B5CF2007D0A6001ADFA3 /* Main.storyboard */; };
		DF26B5D32007D0A6001ADFA3 /* Assets.xcassets in Resources */ = {isa = PBXBuildFile; fileRef = DF26B5D22007D0A6001ADFA3 /* Assets.xcassets */; };
		DF26B5D62007D0A6001ADFA3 /* LaunchScreen.storyboard in Resources */ = {isa = PBXBuildFile; fileRef = DF26B5D42007D0A6001ADFA3 /* LaunchScreen.storyboard */; };
/* End PBXBuildFile section */

/* Begin PBXFileReference section */
		DF26B5C82007D0A6001ADFA3 /* Smack Chat.app */ = {isa = PBXFileReference; explicitFileType = wrapper.application; includeInIndex = 0; path = "Smack Chat.app"; sourceTree = BUILT_PRODUCTS_DIR; };
		DF26B5CB2007D0A6001ADFA3 /* AppDelegate.swift */ = {isa = PBXFileReference; lastKnownFileType = sourcecode.swift; path = AppDelegate.swift; sourceTree = "<group>"; };
		DF26B5CD2007D0A6001ADFA3 /* ViewController.swift */ = {isa = PBXFileReference; lastKnownFileType = sourcecode.swift; path = ViewController.swift; sourceTree = "<group>"; };
		DF26B5D02007D0A6001ADFA3 /* Base */ = {isa = PBXFileReference; lastKnownFileType = file.storyboard; name = Base; path = Base.lproj/Main.storyboard; sourceTree = "<group>"; };
		DF26B5D22007D0A6001ADFA3 /* Assets.xcassets */ = {isa = PBXFileReference; lastKnownFileType = folder.assetcatalog; path = Assets.xcassets; sourceTree = "<group>"; };
		DF26B5D52007D0A6001ADFA3 /* Base */ = {isa = PBXFileReference; lastKnownFileType = file.storyboard; name = Base; path = Base.lproj/LaunchScreen.storyboard; sourceTree = "<group>"; };
		DF26B5D72007D0A6001ADFA3 /* Info.plist */ = {isa = PBXFileReference; lastKnownFileType = text.plist.xml; path = Info.plist; sourceTree = "<group>"; };
/* End PBXFileReference section */

/* Begin PBXFrameworksBuildPhase section */
		DF26B5C52007D0A6001ADFA3 /* Frameworks */ = {
			isa = PBXFrameworksBuildPhase;
			buildActionMask = 2147483647;
			files = (
			);
			runOnlyForDeploymentPostprocessing = 0;
		};
/* End PBXFrameworksBuildPhase section */

/* Begin PBXGroup section */
		DF26B5BF2007D0A6001ADFA3 = {
			isa = PBXGroup;
			children = (
				DF26B5CA2007D0A6001ADFA3 /* Smack Chat */,
				DF26B5C92007D0A6001ADFA3 /* Products */,
			);
			sourceTree = "<group>";
		};
		DF26B5C92007D0A6001ADFA3 /* Products */ = {
			isa = PBXGroup;
			children = (
				DF26B5C82007D0A6001ADFA3 /* Smack Chat.app */,
			);
			name = Products;
			sourceTree = "<group>";
		};
		DF26B5CA2007D0A6001ADFA3 /* Smack Chat */ = {
			isa = PBXGroup;
			children = (
				DF26B5CB2007D0A6001ADFA3 /* AppDelegate.swift */,
				DF26B5CD2007D0A6001ADFA3 /* ViewController.swift */,
				DF26B5CF2007D0A6001ADFA3 /* Main.storyboard */,
				DF26B5D22007D0A6001ADFA3 /* Assets.xcassets */,
				DF26B5D42007D0A6001ADFA3 /* LaunchScreen.storyboard */,
				DF26B5D72007D0A6001ADFA3 /* Info.plist */,
			);
			path = "Smack Chat";
			sourceTree = "<group>";
		};
/* End PBXGroup section */

/* Begin PBXNativeTarget section */
		DF26B5C72007D0A6001ADFA3 /* Smack Chat */ = {
			isa = PBXNativeTarget;
			buildConfigurationList = DF26B5DA2007D0A6001ADFA3 /* Build configuration list for PBXNativeTarget "Smack Chat" */;
			buildPhases = (
				DF26B5C42007D0A6001ADFA3 /* Sources */,
				DF26B5C52007D0A6001ADFA3 /* Frameworks */,
				DF26B5C62007D0A6001ADFA3 /* Resources */,
			);
			buildRules = (
			);
			dependencies = (
			);
			name = "Smack Chat";
			productName = "Smack Chat";
			productReference = DF26B5C82007D0A6001ADFA3 /* Smack Chat.app */;
			productType = "com.apple.product-type.application";
		};
/* End PBXNativeTarget section */

/* Begin PBXProject section */
		DF26B5C02007D0A6001ADFA3 /* Project object */ = {
			isa = PBXProject;
			attributes = {
				LastSwiftUpdateCheck = 0900;
				LastUpgradeCheck = 0900;
				ORGANIZATIONNAME = "Burhanuddin Shakir";
				TargetAttributes = {
					DF26B5C72007D0A6001ADFA3 = {
						CreatedOnToolsVersion = 9.0;
						ProvisioningStyle = Automatic;
					};
				};
			};
			buildConfigurationList = DF26B5C32007D0A6001ADFA3 /* Build configuration list for PBXProject "Smack Chat" */;
			compatibilityVersion = "Xcode 8.0";
			developmentRegion = en;
			hasScannedForEncodings = 0;
			knownRegions = (
				en,
				Base,
			);
			mainGroup = DF26B5BF2007D0A6001ADFA3;
			productRefGroup = DF26B5C92007D0A6001ADFA3 /* Products */;
			projectDirPath = "";
			projectRoot = "";
			targets = (
				DF26B5C72007D0A6001ADFA3 /* Smack Chat */,
			);
		};
/* End PBXProject section */

/* Begin PBXResourcesBuildPhase section */
		DF26B5C62007D0A6001ADFA3 /* Resources */ = {
			isa = PBXResourcesBuildPhase;
			buildActionMask = 2147483647;
			files = (
				DF26B5D62007D0A6001ADFA3 /* LaunchScreen.storyboard in Resources */,
				DF26B5D32007D0A6001ADFA3 /* Assets.xcassets in Resources */,
				DF26B5D12007D0A6001ADFA3 /* Main.storyboard in Resources */,
			);
			runOnlyForDeploymentPostprocessing = 0;
		};
/* End PBXResourcesBuildPhase section */

/* Begin PBXSourcesBuildPhase section */
		DF26B5C42007D0A6001ADFA3 /* Sources */ = {
			isa = PBXSourcesBuildPhase;
			buildActionMask = 2147483647;
			files = (
				DF26B5CE2007D0A6001ADFA3 /* ViewController.swift in Sources */,
				DF26B5CC2007D0A6001ADFA3 /* AppDelegate.swift in Sources */,
			);
			runOnlyForDeploymentPostprocessing = 0;
		};
/* End PBXSourcesBuildPhase section */

/* Begin PBXVariantGroup section */
		DF26B5CF2007D0A6001ADFA3 /* Main.storyboard */ = {
			isa = PBXVariantGroup;
			children = (
				DF26B5D02007D0A6001ADFA3 /* Base */,
			);
			name = Main.storyboard;
			sourceTree = "<group>";
		};
		DF26B5D42007D0A6001ADFA3 /* LaunchScreen.storyboard */ = {
			isa = PBXVariantGroup;
			children = (
				DF26B5D52007D0A6001ADFA3 /* Base */,
			);
			name = LaunchScreen.storyboard;
			sourceTree = "<group>";
		};
/* End PBXVariantGroup section */

/* Begin XCBuildConfiguration section */
		DF26B5D82007D0A6001ADFA3 /* Debug */ = {
			isa = XCBuildConfiguration;
			buildSettings = {
				ALWAYS_SEARCH_USER_PATHS = NO;
				CLANG_ANALYZER_NONNULL = YES;
				CLANG_ANALYZER_NUMBER_OBJECT_CONVERSION = YES_AGGRESSIVE;
				CLANG_CXX_LANGUAGE_STANDARD = "gnu++14";
				CLANG_CXX_LIBRARY = "libc++";
				CLANG_ENABLE_MODULES = YES;
				CLANG_ENABLE_OBJC_ARC = YES;
				CLANG_WARN_BLOCK_CAPTURE_AUTORELEASING = YES;
				CLANG_WARN_BOOL_CONVERSION = YES;
				CLANG_WARN_COMMA = YES;
				CLANG_WARN_CONSTANT_CONVERSION = YES;
				CLANG_WARN_DIRECT_OBJC_ISA_USAGE = YES_ERROR;
				CLANG_WARN_DOCUMENTATION_COMMENTS = YES;
				CLANG_WARN_EMPTY_BODY = YES;
				CLANG_WARN_ENUM_CONVERSION = YES;
				CLANG_WARN_INFINITE_RECURSION = YES;
				CLANG_WARN_INT_CONVERSION = YES;
				CLANG_WARN_NON_LITERAL_NULL_CONVERSION = YES;
				CLANG_WARN_OBJC_LITERAL_CONVERSION = YES;
				CLANG_WARN_OBJC_ROOT_CLASS = YES_ERROR;
				CLANG_WARN_RANGE_LOOP_ANALYSIS = YES;
				CLANG_WARN_STRICT_PROTOTYPES = YES;
				CLANG_WARN_SUSPICIOUS_MOVE = YES;
				CLANG_WARN_UNGUARDED_AVAILABILITY = YES_AGGRESSIVE;
				CLANG_WARN_UNREACHABLE_CODE = YES;
				CLANG_WARN__DUPLICATE_METHOD_MATCH = YES;
				CODE_SIGN_IDENTITY = "iPhone Developer";
				COPY_PHASE_STRIP = NO;
				DEBUG_INFORMATION_FORMAT = dwarf;
				ENABLE_STRICT_OBJC_MSGSEND = YES;
				ENABLE_TESTABILITY = YES;
				GCC_C_LANGUAGE_STANDARD = gnu11;
				GCC_DYNAMIC_NO_PIC = NO;
				GCC_NO_COMMON_BLOCKS = YES;
				GCC_OPTIMIZATION_LEVEL = 0;
				GCC_PREPROCESSOR_DEFINITIONS = (
					"DEBUG=1",
					"$(inherited)",
				);
				GCC_WARN_64_TO_32_BIT_CONVERSION = YES;
				GCC_WARN_ABOUT_RETURN_TYPE = YES_ERROR;
				GCC_WARN_UNDECLARED_SELECTOR = YES;
				GCC_WARN_UNINITIALIZED_AUTOS = YES_AGGRESSIVE;
				GCC_WARN_UNUSED_FUNCTION = YES;
				GCC_WARN_UNUSED_VARIABLE = YES;
				IPHONEOS_DEPLOYMENT_TARGET = 11.0;
				MTL_ENABLE_DEBUG_INFO = YES;
				ONLY_ACTIVE_ARCH = YES;
				SDKROOT = iphoneos;
				SWIFT_ACTIVE_COMPILATION_CONDITIONS = DEBUG;
				SWIFT_OPTIMIZATION_LEVEL = "-Onone";
			};
			name = Debug;
		};
		DF26B5D92007D0A6001ADFA3 /* Release */ = {
			isa = XCBuildConfiguration;
			buildSettings = {
				ALWAYS_SEARCH_USER_PATHS = NO;
				CLANG_ANALYZER_NONNULL = YES;
				CLANG_ANALYZER_NUMBER_OBJECT_CONVERSION = YES_AGGRESSIVE;
				CLANG_CXX_LANGUAGE_STANDARD = "gnu++14";
				CLANG_CXX_LIBRARY = "libc++";
				CLANG_ENABLE_MODULES = YES;
				CLANG_ENABLE_OBJC_ARC = YES;
				CLANG_WARN_BLOCK_CAPTURE_AUTORELEASING = YES;
				CLANG_WARN_BOOL_CONVERSION = YES;
				CLANG_WARN_COMMA = YES;
				CLANG_WARN_CONSTANT_CONVERSION = YES;
				CLANG_WARN_DIRECT_OBJC_ISA_USAGE = YES_ERROR;
				CLANG_WARN_DOCUMENTATION_COMMENTS = YES;
				CLANG_WARN_EMPTY_BODY = YES;
				CLANG_WARN_ENUM_CONVERSION = YES;
				CLANG_WARN_INFINITE_RECURSION = YES;
				CLANG_WARN_INT_CONVERSION = YES;
				CLANG_WARN_NON_LITERAL_NULL_CONVERSION = YES;
				CLANG_WARN_OBJC_LITERAL_CONVERSION = YES;
				CLANG_WARN_OBJC_ROOT_CLASS = YES_ERROR;
				CLANG_WARN_RANGE_LOOP_ANALYSIS = YES;
				CLANG_WARN_STRICT_PROTOTYPES = YES;
				CLANG_WARN_SUSPICIOUS_MOVE = YES;
				CLANG_WARN_UNGUARDED_AVAILABILITY = YES_AGGRESSIVE;
				CLANG_WARN_UNREACHABLE_CODE = YES;
				CLANG_WARN__DUPLICATE_METHOD_MATCH = YES;
				CODE_SIGN_IDENTITY = "iPhone Developer";
				COPY_PHASE_STRIP = NO;
				DEBUG_INFORMATION_FORMAT = "dwarf-with-dsym";
				ENABLE_NS_ASSERTIONS = NO;
				ENABLE_STRICT_OBJC_MSGSEND = YES;
				GCC_C_LANGUAGE_STANDARD = gnu11;
				GCC_NO_COMMON_BLOCKS = YES;
				GCC_WARN_64_TO_32_BIT_CONVERSION = YES;
				GCC_WARN_ABOUT_RETURN_TYPE = YES_ERROR;
				GCC_WARN_UNDECLARED_SELECTOR = YES;
				GCC_WARN_UNINITIALIZED_AUTOS = YES_AGGRESSIVE;
				GCC_WARN_UNUSED_FUNCTION = YES;
				GCC_WARN_UNUSED_VARIABLE = YES;
				IPHONEOS_DEPLOYMENT_TARGET = 11.0;
				MTL_ENABLE_DEBUG_INFO = NO;
				SDKROOT = iphoneos;
				SWIFT_OPTIMIZATION_LEVEL = "-Owholemodule";
				VALIDATE_PRODUCT = YES;
			};
			name = Release;
		};
		DF26B5DB2007D0A6001ADFA3 /* Debug */ = {
			isa = XCBuildConfiguration;
			buildSettings = {
				ASSETCATALOG_COMPILER_APPICON_NAME = AppIcon;
				CODE_SIGN_STYLE = Automatic;
				INFOPLIST_FILE = "Smack Chat/Info.plist";
				LD_RUNPATH_SEARCH_PATHS = "$(inherited) @executable_path/Frameworks";
				PRODUCT_BUNDLE_IDENTIFIER = "com.burhan.Smack-Chat";
				PRODUCT_NAME = "$(TARGET_NAME)";
				SWIFT_VERSION = 4.0;
				TARGETED_DEVICE_FAMILY = "1,2";
			};
			name = Debug;
		};
		DF26B5DC2007D0A6001ADFA3 /* Release */ = {
			isa = XCBuildConfiguration;
			buildSettings = {
				ASSETCATALOG_COMPILER_APPICON_NAME = AppIcon;
				CODE_SIGN_STYLE = Automatic;
				INFOPLIST_FILE = "Smack Chat/Info.plist";
				LD_RUNPATH_SEARCH_PATHS = "$(inherited) @executable_path/Frameworks";
				PRODUCT_BUNDLE_IDENTIFIER = "com.burhan.Smack-Chat";
				PRODUCT_NAME = "$(TARGET_NAME)";
				SWIFT_VERSION = 4.0;
				TARGETED_DEVICE_FAMILY = "1,2";
			};
			name = Release;
		};
/* End XCBuildConfiguration section */

/* Begin XCConfigurationList section */
		DF26B5C32007D0A6001ADFA3 /* Build configuration list for PBXProject "Smack Chat" */ = {
			isa = XCConfigurationList;
			buildConfigurations = (
				DF26B5D82007D0A6001ADFA3 /* Debug */,
				DF26B5D92007D0A6001ADFA3 /* Release */,
			);
			defaultConfigurationIsVisible = 0;
			defaultConfigurationName = Release;
		};
		DF26B5DA2007D0A6001ADFA3 /* Build configuration list for PBXNativeTarget "Smack Chat" */ = {
			isa = XCConfigurationList;
			buildConfigurations = (
				DF26B5DB2007D0A6001ADFA3 /* Debug */,
				DF26B5DC2007D0A6001ADFA3 /* Release */,
			);
			defaultConfigurationIsVisible = 0;
			defaultConfigurationName = Release;
		};
/* End XCConfigurationList section */
	};
	rootObject = DF26B5C02007D0A6001ADFA3 /* Project object */;
}
